
Microsoft Visual Studio Solution File, Format Version 12.00
# Visual Studio 2012
Project("{8BC9CEB8-8B4A-11D0-8D11-00A0C91BC942}") = "BinaryTree_Web_CGI", "BinaryTree_Web_CGI\BinaryTree_Web_CGI.vcxproj", "{BD7A56A5-3DB9-416F-9BED-8E9AA9BE2D77}"
EndProject
Global
	GlobalSection(SolutionConfigurationPlatforms) = preSolution
		Debug|Win32 = Debug|Win32
		Release|Win32 = Release|Win32
	EndGlobalSection
	GlobalSection(ProjectConfigurationPlatforms) = postSolution
		{BD7A56A5-3DB9-416F-9BED-8E9AA9BE2D77}.Debug|Win32.ActiveCfg = Debug|Win32
		{BD7A56A5-3DB9-416F-9BED-8E9AA9BE2D77}.Debug|Win32.Build.0 = Debug|Win32
		{BD7A56A5-3DB9-416F-9BED-8E9AA9BE2D77}.Release|Win32.ActiveCfg = Release|Win32
		{BD7A56A5-3DB9-416F-9BED-8E9AA9BE2D77}.Release|Win32.Build.0 = Release|Win32
	EndGlobalSection
	GlobalSection(SolutionProperties) = preSolution
		HideSolutionNode = FALSE
	EndGlobalSection
EndGlobal
